
Microsoft Visual Studio Solution File, Format Version 12.00
# Visual Studio Version 17
VisualStudioVersion = 17.3.32825.248
MinimumVisualStudioVersion = 10.0.40219.1
Project("{2150E333-8FDC-42A3-9474-1A3956D46DE8}") = "src", "src", "{02EA681E-C7D8-13C7-8484-4AC65E1B71E8}"
EndProject
Project("{2150E333-8FDC-42A3-9474-1A3956D46DE8}") = "test", "test", "{4974F897-8FBB-45CB-A9B0-2A50413A04FB}"
EndProject
Project("{FAE04EC0-301F-11D3-BF4B-00C04F79EFBC}") = "Arcade.Application.Tests", "Arcade.Application.Tests\Arcade.Application.Tests.csproj", "{6A3CB4CC-F9DD-4A2A-AEFA-B6C1B7393BF9}"
EndProject
Project("{FAE04EC0-301F-11D3-BF4B-00C04F79EFBC}") = "Arcade.Service.Tests", "Arcade.Service.Tests\Arcade.Service.Tests.csproj", "{F474F29D-849F-45FF-B821-301BB6A9D57D}"
EndProject
Project("{FAE04EC0-301F-11D3-BF4B-00C04F79EFBC}") = "Arcade.Domain.Tests", "Arcade.Domain.Tests\Arcade.Domain.Tests.csproj", "{1162133E-D11A-499B-ADF4-13681CB4E252}"
EndProject
Project("{FAE04EC0-301F-11D3-BF4B-00C04F79EFBC}") = "Arcade.Application", "Arcade.Application\Arcade.Application.csproj", "{A1F06DE1-F089-9D54-1D20-D4133D70BC00}"
EndProject
Project("{FAE04EC0-301F-11D3-BF4B-00C04F79EFBC}") = "Arcade.CrossCutting", "Arcade.CrossCutting\Arcade.CrossCutting.csproj", "{34AF5FB4-FCAB-C6E9-CBBB-14EA224D3F77}"
EndProject
Project("{FAE04EC0-301F-11D3-BF4B-00C04F79EFBC}") = "Arcade.Domain", "Arcade.Domain\Arcade.Domain.csproj", "{3786B84C-F6CB-3D34-1A6E-83FE8D45E4B3}"
EndProject
Project("{FAE04EC0-301F-11D3-BF4B-00C04F79EFBC}") = "Arcade.Service", "Arcade.Service\Arcade.Service.csproj", "{DCFD3D16-8B36-71D6-4EB5-B58CA49E097E}"
EndProject
Global
	GlobalSection(SolutionConfigurationPlatforms) = preSolution
		Debug|Any CPU = Debug|Any CPU
		Release|Any CPU = Release|Any CPU
	EndGlobalSection
	GlobalSection(ProjectConfigurationPlatforms) = postSolution
		{6A3CB4CC-F9DD-4A2A-AEFA-B6C1B7393BF9}.Debug|Any CPU.ActiveCfg = Debug|Any CPU
		{6A3CB4CC-F9DD-4A2A-AEFA-B6C1B7393BF9}.Debug|Any CPU.Build.0 = Debug|Any CPU
		{6A3CB4CC-F9DD-4A2A-AEFA-B6C1B7393BF9}.Release|Any CPU.ActiveCfg = Release|Any CPU
		{6A3CB4CC-F9DD-4A2A-AEFA-B6C1B7393BF9}.Release|Any CPU.Build.0 = Release|Any CPU
		{F474F29D-849F-45FF-B821-301BB6A9D57D}.Debug|Any CPU.ActiveCfg = Debug|Any CPU
		{F474F29D-849F-45FF-B821-301BB6A9D57D}.Debug|Any CPU.Build.0 = Debug|Any CPU
		{F474F29D-849F-45FF-B821-301BB6A9D57D}.Release|Any CPU.ActiveCfg = Release|Any CPU
		{F474F29D-849F-45FF-B821-301BB6A9D57D}.Release|Any CPU.Build.0 = Release|Any CPU
		{1162133E-D11A-499B-ADF4-13681CB4E252}.Debug|Any CPU.ActiveCfg = Debug|Any CPU
		{1162133E-D11A-499B-ADF4-13681CB4E252}.Debug|Any CPU.Build.0 = Debug|Any CPU
		{1162133E-D11A-499B-ADF4-13681CB4E252}.Release|Any CPU.ActiveCfg = Release|Any CPU
		{1162133E-D11A-499B-ADF4-13681CB4E252}.Release|Any CPU.Build.0 = Release|Any CPU
		{A1F06DE1-F089-9D54-1D20-D4133D70BC00}.Debug|Any CPU.ActiveCfg = Debug|Any CPU
		{A1F06DE1-F089-9D54-1D20-D4133D70BC00}.Debug|Any CPU.Build.0 = Debug|Any CPU
		{A1F06DE1-F089-9D54-1D20-D4133D70BC00}.Release|Any CPU.ActiveCfg = Release|Any CPU
		{A1F06DE1-F089-9D54-1D20-D4133D70BC00}.Release|Any CPU.Build.0 = Release|Any CPU
		{34AF5FB4-FCAB-C6E9-CBBB-14EA224D3F77}.Debug|Any CPU.ActiveCfg = Debug|Any CPU
		{34AF5FB4-FCAB-C6E9-CBBB-14EA224D3F77}.Debug|Any CPU.Build.0 = Debug|Any CPU
		{34AF5FB4-FCAB-C6E9-CBBB-14EA224D3F77}.Release|Any CPU.ActiveCfg = Release|Any CPU
		{34AF5FB4-FCAB-C6E9-CBBB-14EA224D3F77}.Release|Any CPU.Build.0 = Release|Any CPU
		{3786B84C-F6CB-3D34-1A6E-83FE8D45E4B3}.Debug|Any CPU.ActiveCfg = Debug|Any CPU
		{3786B84C-F6CB-3D34-1A6E-83FE8D45E4B3}.Debug|Any CPU.Build.0 = Debug|Any CPU
		{3786B84C-F6CB-3D34-1A6E-83FE8D45E4B3}.Release|Any CPU.ActiveCfg = Release|Any CPU
		{3786B84C-F6CB-3D34-1A6E-83FE8D45E4B3}.Release|Any CPU.Build.0 = Release|Any CPU
		{DCFD3D16-8B36-71D6-4EB5-B58CA49E097E}.Debug|Any CPU.ActiveCfg = Debug|Any CPU
		{DCFD3D16-8B36-71D6-4EB5-B58CA49E097E}.Debug|Any CPU.Build.0 = Debug|Any CPU
		{DCFD3D16-8B36-71D6-4EB5-B58CA49E097E}.Release|Any CPU.ActiveCfg = Release|Any CPU
		{DCFD3D16-8B36-71D6-4EB5-B58CA49E097E}.Release|Any CPU.Build.0 = Release|Any CPU
	EndGlobalSection
	GlobalSection(SolutionProperties) = preSolution
		HideSolutionNode = FALSE
	EndGlobalSection
	GlobalSection(NestedProjects) = preSolution
		{6A3CB4CC-F9DD-4A2A-AEFA-B6C1B7393BF9} = {4974F897-8FBB-45CB-A9B0-2A50413A04FB}
		{F474F29D-849F-45FF-B821-301BB6A9D57D} = {4974F897-8FBB-45CB-A9B0-2A50413A04FB}
		{1162133E-D11A-499B-ADF4-13681CB4E252} = {4974F897-8FBB-45CB-A9B0-2A50413A04FB}
		{A1F06DE1-F089-9D54-1D20-D4133D70BC00} = {02EA681E-C7D8-13C7-8484-4AC65E1B71E8}
		{34AF5FB4-FCAB-C6E9-CBBB-14EA224D3F77} = {02EA681E-C7D8-13C7-8484-4AC65E1B71E8}
		{3786B84C-F6CB-3D34-1A6E-83FE8D45E4B3} = {02EA681E-C7D8-13C7-8484-4AC65E1B71E8}
		{DCFD3D16-8B36-71D6-4EB5-B58CA49E097E} = {02EA681E-C7D8-13C7-8484-4AC65E1B71E8}
	EndGlobalSection
	GlobalSection(ExtensibilityGlobals) = postSolution
		SolutionGuid = {A22BA4B3-5D99-477E-8308-0D35584AC712}
	EndGlobalSection
EndGlobal
